# This file is automatically @generated by Cargo.
# It is not intended for manual editing.
version = 3

[[package]]
name = "call-qoo"
version = "0.1.0"
dependencies = [
 "qoo",
]

[[package]]
name = "qoo"
version = "0.1.1"
source = "registry+https://github.com/rust-lang/crates.io-index"
checksum = "ebf3f4be518de31a2986f33a1112324b75c168c486845a0a3247ea98a2313d4b"
