github.com/Songmu/gitmock v0.0.2 h1:KF5GTll60LxGskZbt58QDd29y/GYLgdxqvkvnSU6RlY=
github.com/Songmu/gitsemvers v0.0.3 h1:pyNgp4+G0Y65zP+4ANybm/fFUyThaMl3SrUzmh50ogk=
github.com/Songmu/gitsemvers v0.0.3/go.mod h1:WdKXiC8zjNK1N7CoZ9cM9vrw/Bg6/W4AwGrfTkkUPdM=
github.com/jessevdk/go-flags v1.5.0 h1:1jKYvbxEjfUl0fmqTCOfonvskHHXMjBySTLW4y9LFvc=
github.com/jessevdk/go-flags v1.5.0/go.mod h1:Fw0T6WPc1dYxT4mKEZRfG5kJhaTDP9pj1c2EWnYs/m4=
golang.org/x/mod v0.5.1 h1:OJxoQ/rynoF0dcCdI7cLPktw/hR2cueqYfjm43oqK38=
golang.org/x/mod v0.5.1/go.mod h1:5OXOZSfqPIIbmVBIIKWRFfZjPR0E5r58TLhUjH0a2Ro=
golang.org/x/sys v0.0.0-20210320140829-1e4c9ba3b0c4/go.mod h1:h1NjWce9XRLGQEsW7wpKNCjG9DtNlClVuFLEZdDNbEs=
golang.org/x/sys v0.1.0 h1:kunALQeHf1/185U1i0GOB/fy1IPRDDpuoOOqRReG57U=
golang.org/x/sys v0.1.0/go.mod h1:oPkhp1MJrh7nUepCBck5+mAzfO9JrbApNNgaTdGDITg=
